{
  "name": "frontend",
  "lockfileVersion": 3,
  "requires": true,
  "packages": {
    "": {
      "dependencies": {
        "@thorvg/webcanvas": "^1.0.6",
        "svg2canvas": "^0.0.14"
      }
    },
    "node_modules/@thorvg/webcanvas": {
      "version": "1.0.6",
      "resolved": "https://registry.npmjs.org/@thorvg/webcanvas/-/webcanvas-1.0.6.tgz",
      "integrity": "sha512-C7NSGJz7VYbgDqcRUku78ZitwePLiavGpF3vgqmA28o5ozms7javdHIvwFjgseYGnjkqCSs3kDs9jgA2cs8QQA==",
      "license": "MIT"
    },
    "node_modules/svg2canvas": {
      "version": "0.0.14",
      "resolved": "https://registry.npmjs.org/svg2canvas/-/svg2canvas-0.0.14.tgz",
      "integrity": "sha512-n2s9cTnlhVrovLNscjA5RMtjbzTmRP/B+bl/oPrsGd73dY2lPhzmER6N3ZPJEy9vNI/cWkRwceSeecMPBLyHHA==",
      "license": "GPL-3.0"
    }
  }
}
